{
    "name": "domplate",
    "version": "0.2.3",
    "lockfileVersion": 1,
    "requires": true,
    "dependencies": {
        "bash.origin.workspace": {
            "version": "0.3.1",
            "resolved": "https://registry.npmjs.org/bash.origin.workspace/-/bash.origin.workspace-0.3.1.tgz",
            "integrity": "sha512-XDDb9VCNKdqeKloSgX1ic13eYYq7TQ61TjnwlQ4naLpt5T7r/sqlIqm96+MZLJzgElM5PJInU6XFQp4qPNYrOg==",
            "dev": true,
            "requires": {
                "bash.origin": "0.1.90"
            },
            "dependencies": {
                "bash.origin": {
                    "version": "0.1.90",
                    "resolved": "https://registry.npmjs.org/bash.origin/-/bash.origin-0.1.90.tgz",
                    "integrity": "sha512-mXkQlOOwIxqsHrpy9rws/HY8h2qVZyvlL9Qu9bAZWNwwrKS+vmc+axKK1lTN/BChSIile9M2zM9PQcPIACDKfg==",
                    "dev": true
                }
            }
        }
    }
}
